{
  "requires": true,
  "lockfileVersion": 1,
  "dependencies": {
    "@mapbox/mapbox-gl-sync-move": {
      "version": "0.3.0",
      "resolved": "https://registry.npmjs.org/@mapbox/mapbox-gl-sync-move/-/mapbox-gl-sync-move-0.3.0.tgz",
      "integrity": "sha512-ecApNLDoOdKVTZEKI/Wb5ZPinegHH1KyrEM5T6Q5QcNPDEoOFC/Gn8bK5iv4sD2akfNJacDtqqTaa1f2Oz6m+w=="
    }
  }
}
